
Microsoft Visual Studio Solution File, Format Version 12.00
# Visual Studio Version 17
VisualStudioVersion = 17.8.34330.188
MinimumVisualStudioVersion = 10.0.40219.1
Project("{FAE04EC0-301F-11D3-BF4B-00C04F79EFBC}") = "C#8", "C#8.csproj", "{C0464A64-3502-45F0-9AB4-EE16387742F5}"
EndProject
Global
	GlobalSection(SolutionConfigurationPlatforms) = preSolution
		Debug|Any CPU = Debug|Any CPU
		Release|Any CPU = Release|Any CPU
	EndGlobalSection
	GlobalSection(ProjectConfigurationPlatforms) = postSolution
		{C0464A64-3502-45F0-9AB4-EE16387742F5}.Debug|Any CPU.ActiveCfg = Debug|Any CPU
		{C0464A64-3502-45F0-9AB4-EE16387742F5}.Debug|Any CPU.Build.0 = Debug|Any CPU
		{C0464A64-3502-45F0-9AB4-EE16387742F5}.Release|Any CPU.ActiveCfg = Release|Any CPU
		{C0464A64-3502-45F0-9AB4-EE16387742F5}.Release|Any CPU.Build.0 = Release|Any CPU
	EndGlobalSection
	GlobalSection(SolutionProperties) = preSolution
		HideSolutionNode = FALSE
	EndGlobalSection
	GlobalSection(ExtensibilityGlobals) = postSolution
		SolutionGuid = {7DCDBDDF-5A1C-4499-B842-2998C720B991}
	EndGlobalSection
EndGlobal
